// !$*UTF8*$!
{
	archiveVersion = 1;
	classes = {
	};
	objectVersion = 70;
	objects = {

/* Begin PBXBuildFile section */
		8B1501D22DBCD132001BDA05 /* LoginView.swift in Sources */ = {isa = PBXBuildFile; fileRef = 8B1501D12DBCD132001BDA05 /* LoginView.swift */; };
		8B1501D42DBCD28C001BDA05 /* SignupView.swift in Sources */ = {isa = PBXBuildFile; fileRef = 8B1501D32DBCD28C001BDA05 /* SignupView.swift */; };
		8B572ED42DBCAFBD0094CF1F /* ContentView.swift in Sources */ = {isa = PBXBuildFile; fileRef = 8B572ED32DBCAFBD0094CF1F /* ContentView.swift */; };
		8B79F3392DBBA7B800D58C92 /* Piggy_PanicApp.swift in Sources */ = {isa = PBXBuildFile; fileRef = 8B79F3382DBBA7B800D58C92 /* Piggy_PanicApp.swift */; };
		8B79F33D2DBBA7B900D58C92 /* Assets.xcassets in Resources */ = {isa = PBXBuildFile; fileRef = 8B79F33C2DBBA7B900D58C92 /* Assets.xcassets */; };
		8B79F3402DBBA7B900D58C92 /* Preview Assets.xcassets in Resources */ = {isa = PBXBuildFile; fileRef = 8B79F33F2DBBA7B900D58C92 /* Preview Assets.xcassets */; };
		8B79F34A2DBBA7B900D58C92 /* Piggy_PanicTests.swift in Sources */ = {isa = PBXBuildFile; fileRef = 8B79F3492DBBA7B900D58C92 /* Piggy_PanicTests.swift */; };
		8B79F3542DBBA7B900D58C92 /* Piggy_PanicUITests.swift in Sources */ = {isa = PBXBuildFile; fileRef = 8B79F3532DBBA7B900D58C92 /* Piggy_PanicUITests.swift */; };
		8B79F3562DBBA7B900D58C92 /* Piggy_PanicUITestsLaunchTests.swift in Sources */ = {isa = PBXBuildFile; fileRef = 8B79F3552DBBA7B900D58C92 /* Piggy_PanicUITestsLaunchTests.swift */; };
		8B79F3642DBBB50400D58C92 /* piggy_intro.mp4 in Resources */ = {isa = PBXBuildFile; fileRef = 8B79F3632DBBB50400D58C92 /* piggy_intro.mp4 */; };
		8B79F3662DBBB5DF00D58C92 /* HomeView.swift in Sources */ = {isa = PBXBuildFile; fileRef = 8B79F3652DBBB5DF00D58C92 /* HomeView.swift */; };
		8B79F36A2DBCA91300D58C92 /* GoogleService-Info.plist in Resources */ = {isa = PBXBuildFile; fileRef = 8B79F3692DBCA91300D58C92 /* GoogleService-Info.plist */; };
		8B79F36D2DBCA96400D58C92 /* Algorithms in Frameworks */ = {isa = PBXBuildFile; productRef = 8B79F36C2DBCA96400D58C92 /* Algorithms */; };
		8B79F3702DBCACA700D58C92 /* FirebaseAnalytics in Frameworks */ = {isa = PBXBuildFile; productRef = 8B79F36F2DBCACA700D58C92 /* FirebaseAnalytics */; };
		8B79F3722DBCACA700D58C92 /* FirebaseAuth in Frameworks */ = {isa = PBXBuildFile; productRef = 8B79F3712DBCACA700D58C92 /* FirebaseAuth */; };
		8B79F3742DBCACA700D58C92 /* FirebaseCore in Frameworks */ = {isa = PBXBuildFile; productRef = 8B79F3732DBCACA700D58C92 /* FirebaseCore */; };
		8B79F3762DBCACA700D58C92 /* FirebaseFirestore in Frameworks */ = {isa = PBXBuildFile; productRef = 8B79F3752DBCACA700D58C92 /* FirebaseFirestore */; };
		8B79F3782DBCACA700D58C92 /* FirebaseStorage in Frameworks */ = {isa = PBXBuildFile; productRef = 8B79F3772DBCACA700D58C92 /* FirebaseStorage */; };
		8BD7E52C2DBF78D4001F276C /* MyGoalsView.swift in Sources */ = {isa = PBXBuildFile; fileRef = 8BD7E52B2DBF78D4001F276C /* MyGoalsView.swift */; };
		8BD7E52E2DBF793F001F276C /* GoalSettingView.swift in Sources */ = {isa = PBXBuildFile; fileRef = 8BD7E52D2DBF793F001F276C /* GoalSettingView.swift */; };
		8BD7E5302DBF8148001F276C /* Homepage.mp4 in Resources */ = {isa = PBXBuildFile; fileRef = 8BD7E52F2DBF8148001F276C /* Homepage.mp4 */; };
		8BD7E53A2DBFB263001F276C /* testGoalAppearsAfterSaving.swift in Sources */ = {isa = PBXBuildFile; fileRef = 8BD7E5392DBFB263001F276C /* testGoalAppearsAfterSaving.swift */; };
/* End PBXBuildFile section */

/* Begin PBXContainerItemProxy section */
		8B79F3462DBBA7B900D58C92 /* PBXContainerItemProxy */ = {
			isa = PBXContainerItemProxy;
			containerPortal = 8B79F32D2DBBA7B800D58C92 /* Project object */;
			proxyType = 1;
			remoteGlobalIDString = 8B79F3342DBBA7B800D58C92;
			remoteInfo = "Piggy Panic";
		};
		8B79F3502DBBA7B900D58C92 /* PBXContainerItemProxy */ = {
			isa = PBXContainerItemProxy;
			containerPortal = 8B79F32D2DBBA7B800D58C92 /* Project object */;
			proxyType = 1;
			remoteGlobalIDString = 8B79F3342DBBA7B800D58C92;
			remoteInfo = "Piggy Panic";
		};
		8BD7E53B2DBFB263001F276C /* PBXContainerItemProxy */ = {
			isa = PBXContainerItemProxy;
			containerPortal = 8B79F32D2DBBA7B800D58C92 /* Project object */;
			proxyType = 1;
			remoteGlobalIDString = 8B79F3342DBBA7B800D58C92;
			remoteInfo = "Piggy Panic";
		};
/* End PBXContainerItemProxy section */

/* Begin PBXFileReference section */
		8B1501D12DBCD132001BDA05 /* LoginView.swift */ = {isa = PBXFileReference; lastKnownFileType = sourcecode.swift; path = LoginView.swift; sourceTree = "<group>"; };
		8B1501D32DBCD28C001BDA05 /* SignupView.swift */ = {isa = PBXFileReference; lastKnownFileType = sourcecode.swift; path = SignupView.swift; sourceTree = "<group>"; };
		8B572ED32DBCAFBD0094CF1F /* ContentView.swift */ = {isa = PBXFileReference; lastKnownFileType = sourcecode.swift; path = ContentView.swift; sourceTree = "<group>"; };
		8B79F3352DBBA7B800D58C92 /* Piggy Panic.app */ = {isa = PBXFileReference; explicitFileType = wrapper.application; includeInIndex = 0; path = "Piggy Panic.app"; sourceTree = BUILT_PRODUCTS_DIR; };
		8B79F3382DBBA7B800D58C92 /* Piggy_PanicApp.swift */ = {isa = PBXFileReference; lastKnownFileType = sourcecode.swift; path = Piggy_PanicApp.swift; sourceTree = "<group>"; };
		8B79F33C2DBBA7B900D58C92 /* Assets.xcassets */ = {isa = PBXFileReference; lastKnownFileType = folder.assetcatalog; path = Assets.xcassets; sourceTree = "<group>"; };
		8B79F33F2DBBA7B900D58C92 /* Preview Assets.xcassets */ = {isa = PBXFileReference; lastKnownFileType = folder.assetcatalog; path = "Preview Assets.xcassets"; sourceTree = "<group>"; };
		8B79F3452DBBA7B900D58C92 /* Piggy PanicTests.xctest */ = {isa = PBXFileReference; explicitFileType = wrapper.cfbundle; includeInIndex = 0; path = "Piggy PanicTests.xctest"; sourceTree = BUILT_PRODUCTS_DIR; };
		8B79F3492DBBA7B900D58C92 /* Piggy_PanicTests.swift */ = {isa = PBXFileReference; lastKnownFileType = sourcecode.swift; path = Piggy_PanicTests.swift; sourceTree = "<group>"; };
		8B79F34F2DBBA7B900D58C92 /* Piggy PanicUITests.xctest */ = {isa = PBXFileReference; explicitFileType = wrapper.cfbundle; includeInIndex = 0; path = "Piggy PanicUITests.xctest"; sourceTree = BUILT_PRODUCTS_DIR; };
		8B79F3532DBBA7B900D58C92 /* Piggy_PanicUITests.swift */ = {isa = PBXFileReference; lastKnownFileType = sourcecode.swift; path = Piggy_PanicUITests.swift; sourceTree = "<group>"; };
		8B79F3552DBBA7B900D58C92 /* Piggy_PanicUITestsLaunchTests.swift */ = {isa = PBXFileReference; lastKnownFileType = sourcecode.swift; path = Piggy_PanicUITestsLaunchTests.swift; sourceTree = "<group>"; };
		8B79F3632DBBB50400D58C92 /* piggy_intro.mp4 */ = {isa = PBXFileReference; lastKnownFileType = file; name = piggy_intro.mp4; path = "Piggy Panic/piggy_intro.mp4"; sourceTree = SOURCE_ROOT; };
		8B79F3652DBBB5DF00D58C92 /* HomeView.swift */ = {isa = PBXFileReference; lastKnownFileType = sourcecode.swift; path = HomeView.swift; sourceTree = "<group>"; };
		8B79F3692DBCA91300D58C92 /* GoogleService-Info.plist */ = {isa = PBXFileReference; fileEncoding = 4; lastKnownFileType = text.plist.xml; name = "GoogleService-Info.plist"; path = "../../../Downloads/GoogleService-Info.plist"; sourceTree = "<group>"; };
		8BD7E52B2DBF78D4001F276C /* MyGoalsView.swift */ = {isa = PBXFileReference; lastKnownFileType = sourcecode.swift; path = MyGoalsView.swift; sourceTree = "<group>"; };
		8BD7E52D2DBF793F001F276C /* GoalSettingView.swift */ = {isa = PBXFileReference; lastKnownFileType = sourcecode.swift; path = GoalSettingView.swift; sourceTree = "<group>"; };
		8BD7E52F2DBF8148001F276C /* Homepage.mp4 */ = {isa = PBXFileReference; lastKnownFileType = file; path = Homepage.mp4; sourceTree = "<group>"; };
		8BD7E5372DBFB262001F276C /* PiggyPanicTests.xctest */ = {isa = PBXFileReference; explicitFileType = wrapper.cfbundle; includeInIndex = 0; path = PiggyPanicTests.xctest; sourceTree = BUILT_PRODUCTS_DIR; };
		8BD7E5392DBFB263001F276C /* testGoalAppearsAfterSaving.swift */ = {isa = PBXFileReference; lastKnownFileType = sourcecode.swift; path = testGoalAppearsAfterSaving.swift; sourceTree = "<group>"; };
/* End PBXFileReference section */

/* Begin PBXFileSystemSynchronizedRootGroup section */
		8BD7E5382DBFB262001F276C /* PiggyPanicTests */ = {isa = PBXFileSystemSynchronizedRootGroup; explicitFileTypes = {}; explicitFolders = (); path = PiggyPanicTests; sourceTree = "<group>"; };
/* End PBXFileSystemSynchronizedRootGroup section */

/* Begin PBXFrameworksBuildPhase section */
		8B79F3322DBBA7B800D58C92 /* Frameworks */ = {
			isa = PBXFrameworksBuildPhase;
			buildActionMask = 2147483647;
			files = (
				8B79F3702DBCACA700D58C92 /* FirebaseAnalytics in Frameworks */,
				8B79F3722DBCACA700D58C92 /* FirebaseAuth in Frameworks */,
				8B79F3742DBCACA700D58C92 /* FirebaseCore in Frameworks */,
				8B79F3762DBCACA700D58C92 /* FirebaseFirestore in Frameworks */,
				8B79F36D2DBCA96400D58C92 /* Algorithms in Frameworks */,
				8B79F3782DBCACA700D58C92 /* FirebaseStorage in Frameworks */,
			);
			runOnlyForDeploymentPostprocessing = 0;
		};
		8B79F3422DBBA7B900D58C92 /* Frameworks */ = {
			isa = PBXFrameworksBuildPhase;
			buildActionMask = 2147483647;
			files = (
			);
			runOnlyForDeploymentPostprocessing = 0;
		};
		8B79F34C2DBBA7B900D58C92 /* Frameworks */ = {
			isa = PBXFrameworksBuildPhase;
			buildActionMask = 2147483647;
			files = (
			);
			runOnlyForDeploymentPostprocessing = 0;
		};
		8BD7E5342DBFB262001F276C /* Frameworks */ = {
			isa = PBXFrameworksBuildPhase;
			buildActionMask = 2147483647;
			files = (
			);
			runOnlyForDeploymentPostprocessing = 0;
		};
/* End PBXFrameworksBuildPhase section */

/* Begin PBXGroup section */
		8B79F32C2DBBA7B800D58C92 = {
			isa = PBXGroup;
			children = (
				8B79F3372DBBA7B800D58C92 /* Piggy Panic */,
				8B79F3482DBBA7B900D58C92 /* Piggy PanicTests */,
				8B79F3522DBBA7B900D58C92 /* Piggy PanicUITests */,
				8BD7E5382DBFB262001F276C /* PiggyPanicTests */,
				8B79F3362DBBA7B800D58C92 /* Products */,
			);
			sourceTree = "<group>";
		};
		8B79F3362DBBA7B800D58C92 /* Products */ = {
			isa = PBXGroup;
			children = (
				8B79F3352DBBA7B800D58C92 /* Piggy Panic.app */,
				8B79F3452DBBA7B900D58C92 /* Piggy PanicTests.xctest */,
				8B79F34F2DBBA7B900D58C92 /* Piggy PanicUITests.xctest */,
				8BD7E5372DBFB262001F276C /* PiggyPanicTests.xctest */,
			);
			name = Products;
			sourceTree = "<group>";
		};
		8B79F3372DBBA7B800D58C92 /* Piggy Panic */ = {
			isa = PBXGroup;
			children = (
				8B79F3692DBCA91300D58C92 /* GoogleService-Info.plist */,
				8B79F3622DBBB4D700D58C92 /* Media */,
				8B79F3382DBBA7B800D58C92 /* Piggy_PanicApp.swift */,
				8B79F33C2DBBA7B900D58C92 /* Assets.xcassets */,
				8B79F33E2DBBA7B900D58C92 /* Preview Content */,
				8B79F3652DBBB5DF00D58C92 /* HomeView.swift */,
				8B1501D32DBCD28C001BDA05 /* SignupView.swift */,
				8B1501D12DBCD132001BDA05 /* LoginView.swift */,
				8B572ED32DBCAFBD0094CF1F /* ContentView.swift */,
				8BD7E52D2DBF793F001F276C /* GoalSettingView.swift */,
				8BD7E52B2DBF78D4001F276C /* MyGoalsView.swift */,
				8BD7E52F2DBF8148001F276C /* Homepage.mp4 */,
			);
			path = "Piggy Panic";
			sourceTree = "<group>";
		};
		8B79F33E2DBBA7B900D58C92 /* Preview Content */ = {
			isa = PBXGroup;
			children = (
				8B79F33F2DBBA7B900D58C92 /* Preview Assets.xcassets */,
			);
			path = "Preview Content";
			sourceTree = "<group>";
		};
		8B79F3482DBBA7B900D58C92 /* Piggy PanicTests */ = {
			isa = PBXGroup;
			children = (
				8B79F3492DBBA7B900D58C92 /* Piggy_PanicTests.swift */,
			);
			path = "Piggy PanicTests";
			sourceTree = "<group>";
		};
		8B79F3522DBBA7B900D58C92 /* Piggy PanicUITests */ = {
			isa = PBXGroup;
			children = (
				8B79F3532DBBA7B900D58C92 /* Piggy_PanicUITests.swift */,
				8B79F3552DBBA7B900D58C92 /* Piggy_PanicUITestsLaunchTests.swift */,
				8BD7E5392DBFB263001F276C /* testGoalAppearsAfterSaving.swift */,
			);
			path = "Piggy PanicUITests";
			sourceTree = "<group>";
		};
		8B79F3622DBBB4D700D58C92 /* Media */ = {
			isa = PBXGroup;
			children = (
				8B79F3632DBBB50400D58C92 /* piggy_intro.mp4 */,
			);
			path = Media;
			sourceTree = "<group>";
		};
/* End PBXGroup section */

/* Begin PBXNativeTarget section */
		8B79F3342DBBA7B800D58C92 /* Piggy Panic */ = {
			isa = PBXNativeTarget;
			buildConfigurationList = 8B79F3592DBBA7B900D58C92 /* Build configuration list for PBXNativeTarget "Piggy Panic" */;
			buildPhases = (
				8B79F3312DBBA7B800D58C92 /* Sources */,
				8B79F3322DBBA7B800D58C92 /* Frameworks */,
				8B79F3332DBBA7B800D58C92 /* Resources */,
			);
			buildRules = (
			);
			dependencies = (
			);
			name = "Piggy Panic";
			packageProductDependencies = (
				8B79F36C2DBCA96400D58C92 /* Algorithms */,
				8B79F36F2DBCACA700D58C92 /* FirebaseAnalytics */,
				8B79F3712DBCACA700D58C92 /* FirebaseAuth */,
				8B79F3732DBCACA700D58C92 /* FirebaseCore */,
				8B79F3752DBCACA700D58C92 /* FirebaseFirestore */,
				8B79F3772DBCACA700D58C92 /* FirebaseStorage */,
			);
			productName = "Piggy Panic";
			productReference = 8B79F3352DBBA7B800D58C92 /* Piggy Panic.app */;
			productType = "com.apple.product-type.application";
		};
		8B79F3442DBBA7B900D58C92 /* Piggy PanicTests */ = {
			isa = PBXNativeTarget;
			buildConfigurationList = 8B79F35C2DBBA7B900D58C92 /* Build configuration list for PBXNativeTarget "Piggy PanicTests" */;
			buildPhases = (
				8B79F3412DBBA7B900D58C92 /* Sources */,
				8B79F3422DBBA7B900D58C92 /* Frameworks */,
				8B79F3432DBBA7B900D58C92 /* Resources */,
			);
			buildRules = (
			);
			dependencies = (
				8B79F3472DBBA7B900D58C92 /* PBXTargetDependency */,
			);
			name = "Piggy PanicTests";
			productName = "Piggy PanicTests";
			productReference = 8B79F3452DBBA7B900D58C92 /* Piggy PanicTests.xctest */;
			productType = "com.apple.product-type.bundle.unit-test";
		};
		8B79F34E2DBBA7B900D58C92 /* Piggy PanicUITests */ = {
			isa = PBXNativeTarget;
			buildConfigurationList = 8B79F35F2DBBA7B900D58C92 /* Build configuration list for PBXNativeTarget "Piggy PanicUITests" */;
			buildPhases = (
				8B79F34B2DBBA7B900D58C92 /* Sources */,
				8B79F34C2DBBA7B900D58C92 /* Frameworks */,
				8B79F34D2DBBA7B900D58C92 /* Resources */,
			);
			buildRules = (
			);
			dependencies = (
				8B79F3512DBBA7B900D58C92 /* PBXTargetDependency */,
			);
			name = "Piggy PanicUITests";
			productName = "Piggy PanicUITests";
			productReference = 8B79F34F2DBBA7B900D58C92 /* Piggy PanicUITests.xctest */;
			productType = "com.apple.product-type.bundle.ui-testing";
		};
		8BD7E5362DBFB262001F276C /* PiggyPanicTests */ = {
			isa = PBXNativeTarget;
			buildConfigurationList = 8BD7E53D2DBFB263001F276C /* Build configuration list for PBXNativeTarget "PiggyPanicTests" */;
			buildPhases = (
				8BD7E5332DBFB262001F276C /* Sources */,
				8BD7E5342DBFB262001F276C /* Frameworks */,
				8BD7E5352DBFB262001F276C /* Resources */,
			);
			buildRules = (
			);
			dependencies = (
				8BD7E53C2DBFB263001F276C /* PBXTargetDependency */,
			);
			fileSystemSynchronizedGroups = (
				8BD7E5382DBFB262001F276C /* PiggyPanicTests */,
			);
			name = PiggyPanicTests;
			packageProductDependencies = (
			);
			productName = PiggyPanicTests;
			productReference = 8BD7E5372DBFB262001F276C /* PiggyPanicTests.xctest */;
			productType = "com.apple.product-type.bundle.unit-test";
		};
/* End PBXNativeTarget section */

/* Begin PBXProject section */
		8B79F32D2DBBA7B800D58C92 /* Project object */ = {
			isa = PBXProject;
			attributes = {
				BuildIndependentTargetsInParallel = 1;
				LastSwiftUpdateCheck = 1630;
				LastUpgradeCheck = 1630;
				TargetAttributes = {
					8B79F3342DBBA7B800D58C92 = {
						CreatedOnToolsVersion = 15.2;
					};
					8B79F3442DBBA7B900D58C92 = {
						CreatedOnToolsVersion = 15.2;
						TestTargetID = 8B79F3342DBBA7B800D58C92;
					};
					8B79F34E2DBBA7B900D58C92 = {
						CreatedOnToolsVersion = 15.2;
						TestTargetID = 8B79F3342DBBA7B800D58C92;
					};
					8BD7E5362DBFB262001F276C = {
						CreatedOnToolsVersion = 16.3;
						TestTargetID = 8B79F3342DBBA7B800D58C92;
					};
				};
			};
			buildConfigurationList = 8B79F3302DBBA7B800D58C92 /* Build configuration list for PBXProject "Piggy Panic" */;
			compatibilityVersion = "Xcode 14.0";
			developmentRegion = en;
			hasScannedForEncodings = 0;
			knownRegions = (
				en,
				Base,
			);
			mainGroup = 8B79F32C2DBBA7B800D58C92;
			packageReferences = (
				8B79F36B2DBCA96400D58C92 /* XCRemoteSwiftPackageReference "swift-algorithms" */,
				8B79F36E2DBCAA4700D58C92 /* XCRemoteSwiftPackageReference "firebase-ios-sdk" */,
			);
			productRefGroup = 8B79F3362DBBA7B800D58C92 /* Products */;
			projectDirPath = "";
			projectRoot = "";
			targets = (
				8B79F3342DBBA7B800D58C92 /* Piggy Panic */,
				8B79F3442DBBA7B900D58C92 /* Piggy PanicTests */,
				8B79F34E2DBBA7B900D58C92 /* Piggy PanicUITests */,
				8BD7E5362DBFB262001F276C /* PiggyPanicTests */,
			);
		};
/* End PBXProject section */

/* Begin PBXResourcesBuildPhase section */
		8B79F3332DBBA7B800D58C92 /* Resources */ = {
			isa = PBXResourcesBuildPhase;
			buildActionMask = 2147483647;
			files = (
				8BD7E5302DBF8148001F276C /* Homepage.mp4 in Resources */,
				8B79F3402DBBA7B900D58C92 /* Preview Assets.xcassets in Resources */,
				8B79F36A2DBCA91300D58C92 /* GoogleService-Info.plist in Resources */,
				8B79F33D2DBBA7B900D58C92 /* Assets.xcassets in Resources */,
				8B79F3642DBBB50400D58C92 /* piggy_intro.mp4 in Resources */,
			);
			runOnlyForDeploymentPostprocessing = 0;
		};
		8B79F3432DBBA7B900D58C92 /* Resources */ = {
			isa = PBXResourcesBuildPhase;
			buildActionMask = 2147483647;
			files = (
			);
			runOnlyForDeploymentPostprocessing = 0;
		};
		8B79F34D2DBBA7B900D58C92 /* Resources */ = {
			isa = PBXResourcesBuildPhase;
			buildActionMask = 2147483647;
			files = (
			);
			runOnlyForDeploymentPostprocessing = 0;
		};
		8BD7E5352DBFB262001F276C /* Resources */ = {
			isa = PBXResourcesBuildPhase;
			buildActionMask = 2147483647;
			files = (
			);
			runOnlyForDeploymentPostprocessing = 0;
		};
/* End PBXResourcesBuildPhase section */

/* Begin PBXSourcesBuildPhase section */
		8B79F3312DBBA7B800D58C92 /* Sources */ = {
			isa = PBXSourcesBuildPhase;
			buildActionMask = 2147483647;
			files = (
				8B79F3662DBBB5DF00D58C92 /* HomeView.swift in Sources */,
				8B572ED42DBCAFBD0094CF1F /* ContentView.swift in Sources */,
				8BD7E52E2DBF793F001F276C /* GoalSettingView.swift in Sources */,
				8B1501D22DBCD132001BDA05 /* LoginView.swift in Sources */,
				8BD7E52C2DBF78D4001F276C /* MyGoalsView.swift in Sources */,
				8B79F3392DBBA7B800D58C92 /* Piggy_PanicApp.swift in Sources */,
				8B1501D42DBCD28C001BDA05 /* SignupView.swift in Sources */,
			);
			runOnlyForDeploymentPostprocessing = 0;
		};
		8B79F3412DBBA7B900D58C92 /* Sources */ = {
			isa = PBXSourcesBuildPhase;
			buildActionMask = 2147483647;
			files = (
				8B79F34A2DBBA7B900D58C92 /* Piggy_PanicTests.swift in Sources */,
			);
			runOnlyForDeploymentPostprocessing = 0;
		};
		8B79F34B2DBBA7B900D58C92 /* Sources */ = {
			isa = PBXSourcesBuildPhase;
			buildActionMask = 2147483647;
			files = (
				8B79F3542DBBA7B900D58C92 /* Piggy_PanicUITests.swift in Sources */,
				8B79F3562DBBA7B900D58C92 /* Piggy_PanicUITestsLaunchTests.swift in Sources */,
			);
			runOnlyForDeploymentPostprocessing = 0;
		};
		8BD7E5332DBFB262001F276C /* Sources */ = {
			isa = PBXSourcesBuildPhase;
			buildActionMask = 2147483647;
			files = (
				8BD7E53A2DBFB263001F276C /* testGoalAppearsAfterSaving.swift in Sources */,
			);
			runOnlyForDeploymentPostprocessing = 0;
		};
/* End PBXSourcesBuildPhase section */

/* Begin PBXTargetDependency section */
		8B79F3472DBBA7B900D58C92 /* PBXTargetDependency */ = {
			isa = PBXTargetDependency;
			target = 8B79F3342DBBA7B800D58C92 /* Piggy Panic */;
			targetProxy = 8B79F3462DBBA7B900D58C92 /* PBXContainerItemProxy */;
		};
		8B79F3512DBBA7B900D58C92 /* PBXTargetDependency */ = {
			isa = PBXTargetDependency;
			target = 8B79F3342DBBA7B800D58C92 /* Piggy Panic */;
			targetProxy = 8B79F3502DBBA7B900D58C92 /* PBXContainerItemProxy */;
		};
		8BD7E53C2DBFB263001F276C /* PBXTargetDependency */ = {
			isa = PBXTargetDependency;
			target = 8B79F3342DBBA7B800D58C92 /* Piggy Panic */;
			targetProxy = 8BD7E53B2DBFB263001F276C /* PBXContainerItemProxy */;
		};
/* End PBXTargetDependency section */

/* Begin XCBuildConfiguration section */
		8B79F3572DBBA7B900D58C92 /* Debug */ = {
			isa = XCBuildConfiguration;
			buildSettings = {
				ALWAYS_SEARCH_USER_PATHS = NO;
				ASSETCATALOG_COMPILER_GENERATE_SWIFT_ASSET_SYMBOL_EXTENSIONS = YES;
				CLANG_ANALYZER_NONNULL = YES;
				CLANG_ANALYZER_NUMBER_OBJECT_CONVERSION = YES_AGGRESSIVE;
				CLANG_CXX_LANGUAGE_STANDARD = "gnu++20";
				CLANG_ENABLE_MODULES = YES;
				CLANG_ENABLE_OBJC_ARC = YES;
				CLANG_ENABLE_OBJC_WEAK = YES;
				CLANG_WARN_BLOCK_CAPTURE_AUTORELEASING = YES;
				CLANG_WARN_BOOL_CONVERSION = YES;
				CLANG_WARN_COMMA = YES;
				CLANG_WARN_CONSTANT_CONVERSION = YES;
				CLANG_WARN_DEPRECATED_OBJC_IMPLEMENTATIONS = YES;
				CLANG_WARN_DIRECT_OBJC_ISA_USAGE = YES_ERROR;
				CLANG_WARN_DOCUMENTATION_COMMENTS = YES;
				CLANG_WARN_EMPTY_BODY = YES;
				CLANG_WARN_ENUM_CONVERSION = YES;
				CLANG_WARN_INFINITE_RECURSION = YES;
				CLANG_WARN_INT_CONVERSION = YES;
				CLANG_WARN_NON_LITERAL_NULL_CONVERSION = YES;
				CLANG_WARN_OBJC_IMPLICIT_RETAIN_SELF = YES;
				CLANG_WARN_OBJC_LITERAL_CONVERSION = YES;
				CLANG_WARN_OBJC_ROOT_CLASS = YES_ERROR;
				CLANG_WARN_QUOTED_INCLUDE_IN_FRAMEWORK_HEADER = YES;
				CLANG_WARN_RANGE_LOOP_ANALYSIS = YES;
				CLANG_WARN_STRICT_PROTOTYPES = YES;
				CLANG_WARN_SUSPICIOUS_MOVE = YES;
				CLANG_WARN_UNGUARDED_AVAILABILITY = YES_AGGRESSIVE;
				CLANG_WARN_UNREACHABLE_CODE = YES;
				CLANG_WARN__DUPLICATE_METHOD_MATCH = YES;
				COPY_PHASE_STRIP = NO;
				DEBUG_INFORMATION_FORMAT = dwarf;
				ENABLE_STRICT_OBJC_MSGSEND = YES;
				ENABLE_TESTABILITY = YES;
				ENABLE_USER_SCRIPT_SANDBOXING = YES;
				GCC_C_LANGUAGE_STANDARD = gnu17;
				GCC_DYNAMIC_NO_PIC = NO;
				GCC_NO_COMMON_BLOCKS = YES;
				GCC_OPTIMIZATION_LEVEL = 0;
				GCC_PREPROCESSOR_DEFINITIONS = (
					"DEBUG=1",
					"$(inherited)",
				);
				GCC_WARN_64_TO_32_BIT_CONVERSION = YES;
				GCC_WARN_ABOUT_RETURN_TYPE = YES_ERROR;
				GCC_WARN_UNDECLARED_SELECTOR = YES;
				GCC_WARN_UNINITIALIZED_AUTOS = YES_AGGRESSIVE;
				GCC_WARN_UNUSED_FUNCTION = YES;
				GCC_WARN_UNUSED_VARIABLE = YES;
				IPHONEOS_DEPLOYMENT_TARGET = 17.2;
				LOCALIZATION_PREFERS_STRING_CATALOGS = YES;
				MTL_ENABLE_DEBUG_INFO = INCLUDE_SOURCE;
				MTL_FAST_MATH = YES;
				ONLY_ACTIVE_ARCH = YES;
				SDKROOT = iphoneos;
				SWIFT_ACTIVE_COMPILATION_CONDITIONS = "DEBUG $(inherited)";
				SWIFT_OPTIMIZATION_LEVEL = "-Onone";
			};
			name = Debug;
		};
		8B79F3582DBBA7B900D58C92 /* Release */ = {
			isa = XCBuildConfiguration;
			buildSettings = {
				ALWAYS_SEARCH_USER_PATHS = NO;
				ASSETCATALOG_COMPILER_GENERATE_SWIFT_ASSET_SYMBOL_EXTENSIONS = YES;
				CLANG_ANALYZER_NONNULL = YES;
				CLANG_ANALYZER_NUMBER_OBJECT_CONVERSION = YES_AGGRESSIVE;
				CLANG_CXX_LANGUAGE_STANDARD = "gnu++20";
				CLANG_ENABLE_MODULES = YES;
				CLANG_ENABLE_OBJC_ARC = YES;
				CLANG_ENABLE_OBJC_WEAK = YES;
				CLANG_WARN_BLOCK_CAPTURE_AUTORELEASING = YES;
				CLANG_WARN_BOOL_CONVERSION = YES;
				CLANG_WARN_COMMA = YES;
				CLANG_WARN_CONSTANT_CONVERSION = YES;
				CLANG_WARN_DEPRECATED_OBJC_IMPLEMENTATIONS = YES;
				CLANG_WARN_DIRECT_OBJC_ISA_USAGE = YES_ERROR;
				CLANG_WARN_DOCUMENTATION_COMMENTS = YES;
				CLANG_WARN_EMPTY_BODY = YES;
				CLANG_WARN_ENUM_CONVERSION = YES;
				CLANG_WARN_INFINITE_RECURSION = YES;
				CLANG_WARN_INT_CONVERSION = YES;
				CLANG_WARN_NON_LITERAL_NULL_CONVERSION = YES;
				CLANG_WARN_OBJC_IMPLICIT_RETAIN_SELF = YES;
				CLANG_WARN_OBJC_LITERAL_CONVERSION = YES;
				CLANG_WARN_OBJC_ROOT_CLASS = YES_ERROR;
				CLANG_WARN_QUOTED_INCLUDE_IN_FRAMEWORK_HEADER = YES;
				CLANG_WARN_RANGE_LOOP_ANALYSIS = YES;
				CLANG_WARN_STRICT_PROTOTYPES = YES;
				CLANG_WARN_SUSPICIOUS_MOVE = YES;
				CLANG_WARN_UNGUARDED_AVAILABILITY = YES_AGGRESSIVE;
				CLANG_WARN_UNREACHABLE_CODE = YES;
				CLANG_WARN__DUPLICATE_METHOD_MATCH = YES;
				COPY_PHASE_STRIP = NO;
				DEBUG_INFORMATION_FORMAT = "dwarf-with-dsym";
				ENABLE_NS_ASSERTIONS = NO;
				ENABLE_STRICT_OBJC_MSGSEND = YES;
				ENABLE_USER_SCRIPT_SANDBOXING = YES;
				GCC_C_LANGUAGE_STANDARD = gnu17;
				GCC_NO_COMMON_BLOCKS = YES;
				GCC_WARN_64_TO_32_BIT_CONVERSION = YES;
				GCC_WARN_ABOUT_RETURN_TYPE = YES_ERROR;
				GCC_WARN_UNDECLARED_SELECTOR = YES;
				GCC_WARN_UNINITIALIZED_AUTOS = YES_AGGRESSIVE;
				GCC_WARN_UNUSED_FUNCTION = YES;
				GCC_WARN_UNUSED_VARIABLE = YES;
				IPHONEOS_DEPLOYMENT_TARGET = 17.2;
				LOCALIZATION_PREFERS_STRING_CATALOGS = YES;
				MTL_ENABLE_DEBUG_INFO = NO;
				MTL_FAST_MATH = YES;
				SDKROOT = iphoneos;
				SWIFT_COMPILATION_MODE = wholemodule;
				VALIDATE_PRODUCT = YES;
			};
			name = Release;
		};
		8B79F35A2DBBA7B900D58C92 /* Debug */ = {
			isa = XCBuildConfiguration;
			buildSettings = {
				ASSETCATALOG_COMPILER_APPICON_NAME = AppIcon;
				ASSETCATALOG_COMPILER_GLOBAL_ACCENT_COLOR_NAME = AccentColor;
				CODE_SIGN_STYLE = Automatic;
				CURRENT_PROJECT_VERSION = 1;
				DEVELOPMENT_ASSET_PATHS = "\"Piggy Panic/Preview Content\"";
				DEVELOPMENT_TEAM = V87YZNDS4A;
				ENABLE_PREVIEWS = YES;
				GENERATE_INFOPLIST_FILE = YES;
				INFOPLIST_KEY_UIApplicationSceneManifest_Generation = YES;
				INFOPLIST_KEY_UIApplicationSupportsIndirectInputEvents = YES;
				INFOPLIST_KEY_UILaunchScreen_Generation = YES;
				INFOPLIST_KEY_UISupportedInterfaceOrientations_iPad = "UIInterfaceOrientationPortrait UIInterfaceOrientationPortraitUpsideDown UIInterfaceOrientationLandscapeLeft UIInterfaceOrientationLandscapeRight";
				INFOPLIST_KEY_UISupportedInterfaceOrientations_iPhone = UIInterfaceOrientationPortrait;
				LD_RUNPATH_SEARCH_PATHS = (
					"$(inherited)",
					"@executable_path/Frameworks",
				);
				MARKETING_VERSION = 1.0;
				PRODUCT_BUNDLE_IDENTIFIER = "Apichaya.Piggy-Panic";
				PRODUCT_NAME = "$(TARGET_NAME)";
				SWIFT_EMIT_LOC_STRINGS = YES;
				SWIFT_VERSION = 5.0;
				TARGETED_DEVICE_FAMILY = "1,2";
			};
			name = Debug;
		};
		8B79F35B2DBBA7B900D58C92 /* Release */ = {
			isa = XCBuildConfiguration;
			buildSettings = {
				ASSETCATALOG_COMPILER_APPICON_NAME = AppIcon;
				ASSETCATALOG_COMPILER_GLOBAL_ACCENT_COLOR_NAME = AccentColor;
				CODE_SIGN_STYLE = Automatic;
				CURRENT_PROJECT_VERSION = 1;
				DEVELOPMENT_ASSET_PATHS = "\"Piggy Panic/Preview Content\"";
				DEVELOPMENT_TEAM = V87YZNDS4A;
				ENABLE_PREVIEWS = YES;
				GENERATE_INFOPLIST_FILE = YES;
				INFOPLIST_KEY_UIApplicationSceneManifest_Generation = YES;
				INFOPLIST_KEY_UIApplicationSupportsIndirectInputEvents = YES;
				INFOPLIST_KEY_UILaunchScreen_Generation = YES;
				INFOPLIST_KEY_UISupportedInterfaceOrientations_iPad = "UIInterfaceOrientationPortrait UIInterfaceOrientationPortraitUpsideDown UIInterfaceOrientationLandscapeLeft UIInterfaceOrientationLandscapeRight";
				INFOPLIST_KEY_UISupportedInterfaceOrientations_iPhone = UIInterfaceOrientationPortrait;
				LD_RUNPATH_SEARCH_PATHS = (
					"$(inherited)",
					"@executable_path/Frameworks",
				);
				MARKETING_VERSION = 1.0;
				PRODUCT_BUNDLE_IDENTIFIER = "Apichaya.Piggy-Panic";
				PRODUCT_NAME = "$(TARGET_NAME)";
				SWIFT_EMIT_LOC_STRINGS = YES;
				SWIFT_VERSION = 5.0;
				TARGETED_DEVICE_FAMILY = "1,2";
			};
			name = Release;
		};
		8B79F35D2DBBA7B900D58C92 /* Debug */ = {
			isa = XCBuildConfiguration;
			buildSettings = {
				BUNDLE_LOADER = "$(TEST_HOST)";
				CODE_SIGN_STYLE = Automatic;
				CURRENT_PROJECT_VERSION = 1;
				GENERATE_INFOPLIST_FILE = YES;
				IPHONEOS_DEPLOYMENT_TARGET = 17.2;
				MARKETING_VERSION = 1.0;
				PRODUCT_BUNDLE_IDENTIFIER = "Apichaya.Piggy-PanicTests";
				PRODUCT_NAME = "$(TARGET_NAME)";
				SWIFT_EMIT_LOC_STRINGS = NO;
				SWIFT_VERSION = 5.0;
				TARGETED_DEVICE_FAMILY = "1,2";
				TEST_HOST = "$(BUILT_PRODUCTS_DIR)/Piggy Panic.app/$(BUNDLE_EXECUTABLE_FOLDER_PATH)/Piggy Panic";
			};
			name = Debug;
		};
		8B79F35E2DBBA7B900D58C92 /* Release */ = {
			isa = XCBuildConfiguration;
			buildSettings = {
				BUNDLE_LOADER = "$(TEST_HOST)";
				CODE_SIGN_STYLE = Automatic;
				CURRENT_PROJECT_VERSION = 1;
				GENERATE_INFOPLIST_FILE = YES;
				IPHONEOS_DEPLOYMENT_TARGET = 17.2;
				MARKETING_VERSION = 1.0;
				PRODUCT_BUNDLE_IDENTIFIER = "Apichaya.Piggy-PanicTests";
				PRODUCT_NAME = "$(TARGET_NAME)";
				SWIFT_EMIT_LOC_STRINGS = NO;
				SWIFT_VERSION = 5.0;
				TARGETED_DEVICE_FAMILY = "1,2";
				TEST_HOST = "$(BUILT_PRODUCTS_DIR)/Piggy Panic.app/$(BUNDLE_EXECUTABLE_FOLDER_PATH)/Piggy Panic";
			};
			name = Release;
		};
		8B79F3602DBBA7B900D58C92 /* Debug */ = {
			isa = XCBuildConfiguration;
			buildSettings = {
				CODE_SIGN_STYLE = Automatic;
				CURRENT_PROJECT_VERSION = 1;
				GENERATE_INFOPLIST_FILE = YES;
				MARKETING_VERSION = 1.0;
				PRODUCT_BUNDLE_IDENTIFIER = "Apichaya.Piggy-PanicUITests";
				PRODUCT_NAME = "$(TARGET_NAME)";
				SWIFT_EMIT_LOC_STRINGS = NO;
				SWIFT_VERSION = 5.0;
				TARGETED_DEVICE_FAMILY = "1,2";
				TEST_TARGET_NAME = "Piggy Panic";
			};
			name = Debug;
		};
		8B79F3612DBBA7B900D58C92 /* Release */ = {
			isa = XCBuildConfiguration;
			buildSettings = {
				CODE_SIGN_STYLE = Automatic;
				CURRENT_PROJECT_VERSION = 1;
				GENERATE_INFOPLIST_FILE = YES;
				MARKETING_VERSION = 1.0;
				PRODUCT_BUNDLE_IDENTIFIER = "Apichaya.Piggy-PanicUITests";
				PRODUCT_NAME = "$(TARGET_NAME)";
				SWIFT_EMIT_LOC_STRINGS = NO;
				SWIFT_VERSION = 5.0;
				TARGETED_DEVICE_FAMILY = "1,2";
				TEST_TARGET_NAME = "Piggy Panic";
			};
			name = Release;
		};
		8BD7E53E2DBFB263001F276C /* Debug */ = {
			isa = XCBuildConfiguration;
			buildSettings = {
				BUNDLE_LOADER = "$(TEST_HOST)";
				CODE_SIGN_STYLE = Automatic;
				CURRENT_PROJECT_VERSION = 1;
				GENERATE_INFOPLIST_FILE = YES;
				IPHONEOS_DEPLOYMENT_TARGET = 18.4;
				MARKETING_VERSION = 1.0;
				PRODUCT_BUNDLE_IDENTIFIER = Apichaya.PiggyPanicTests;
				PRODUCT_NAME = "$(TARGET_NAME)";
				SWIFT_EMIT_LOC_STRINGS = NO;
				SWIFT_VERSION = 5.0;
				TARGETED_DEVICE_FAMILY = "1,2";
				TEST_HOST = "$(BUILT_PRODUCTS_DIR)/Piggy Panic.app/$(BUNDLE_EXECUTABLE_FOLDER_PATH)/Piggy Panic";
			};
			name = Debug;
		};
		8BD7E53F2DBFB263001F276C /* Release */ = {
			isa = XCBuildConfiguration;
			buildSettings = {
				BUNDLE_LOADER = "$(TEST_HOST)";
				CODE_SIGN_STYLE = Automatic;
				CURRENT_PROJECT_VERSION = 1;
				GENERATE_INFOPLIST_FILE = YES;
				IPHONEOS_DEPLOYMENT_TARGET = 18.4;
				MARKETING_VERSION = 1.0;
				PRODUCT_BUNDLE_IDENTIFIER = Apichaya.PiggyPanicTests;
				PRODUCT_NAME = "$(TARGET_NAME)";
				SWIFT_EMIT_LOC_STRINGS = NO;
				SWIFT_VERSION = 5.0;
				TARGETED_DEVICE_FAMILY = "1,2";
				TEST_HOST = "$(BUILT_PRODUCTS_DIR)/Piggy Panic.app/$(BUNDLE_EXECUTABLE_FOLDER_PATH)/Piggy Panic";
			};
			name = Release;
		};
/* End XCBuildConfiguration section */

/* Begin XCConfigurationList section */
		8B79F3302DBBA7B800D58C92 /* Build configuration list for PBXProject "Piggy Panic" */ = {
			isa = XCConfigurationList;
			buildConfigurations = (
				8B79F3572DBBA7B900D58C92 /* Debug */,
				8B79F3582DBBA7B900D58C92 /* Release */,
			);
			defaultConfigurationIsVisible = 0;
			defaultConfigurationName = Release;
		};
		8B79F3592DBBA7B900D58C92 /* Build configuration list for PBXNativeTarget "Piggy Panic" */ = {
			isa = XCConfigurationList;
			buildConfigurations = (
				8B79F35A2DBBA7B900D58C92 /* Debug */,
				8B79F35B2DBBA7B900D58C92 /* Release */,
			);
			defaultConfigurationIsVisible = 0;
			defaultConfigurationName = Release;
		};
		8B79F35C2DBBA7B900D58C92 /* Build configuration list for PBXNativeTarget "Piggy PanicTests" */ = {
			isa = XCConfigurationList;
			buildConfigurations = (
				8B79F35D2DBBA7B900D58C92 /* Debug */,
				8B79F35E2DBBA7B900D58C92 /* Release */,
			);
			defaultConfigurationIsVisible = 0;
			defaultConfigurationName = Release;
		};
		8B79F35F2DBBA7B900D58C92 /* Build configuration list for PBXNativeTarget "Piggy PanicUITests" */ = {
			isa = XCConfigurationList;
			buildConfigurations = (
				8B79F3602DBBA7B900D58C92 /* Debug */,
				8B79F3612DBBA7B900D58C92 /* Release */,
			);
			defaultConfigurationIsVisible = 0;
			defaultConfigurationName = Release;
		};
		8BD7E53D2DBFB263001F276C /* Build configuration list for PBXNativeTarget "PiggyPanicTests" */ = {
			isa = XCConfigurationList;
			buildConfigurations = (
				8BD7E53E2DBFB263001F276C /* Debug */,
				8BD7E53F2DBFB263001F276C /* Release */,
			);
			defaultConfigurationIsVisible = 0;
			defaultConfigurationName = Release;
		};
/* End XCConfigurationList section */

/* Begin XCRemoteSwiftPackageReference section */
		8B79F36B2DBCA96400D58C92 /* XCRemoteSwiftPackageReference "swift-algorithms" */ = {
			isa = XCRemoteSwiftPackageReference;
			repositoryURL = "https://github.com/apple/swift-algorithms.git";
			requirement = {
				kind = upToNextMajorVersion;
				minimumVersion = 1.2.1;
			};
		};
		8B79F36E2DBCAA4700D58C92 /* XCRemoteSwiftPackageReference "firebase-ios-sdk" */ = {
			isa = XCRemoteSwiftPackageReference;
			repositoryURL = "https://github.com/firebase/firebase-ios-sdk";
			requirement = {
				kind = upToNextMajorVersion;
				minimumVersion = 11.12.0;
			};
		};
/* End XCRemoteSwiftPackageReference section */

/* Begin XCSwiftPackageProductDependency section */
		8B79F36C2DBCA96400D58C92 /* Algorithms */ = {
			isa = XCSwiftPackageProductDependency;
			package = 8B79F36B2DBCA96400D58C92 /* XCRemoteSwiftPackageReference "swift-algorithms" */;
			productName = Algorithms;
		};
		8B79F36F2DBCACA700D58C92 /* FirebaseAnalytics */ = {
			isa = XCSwiftPackageProductDependency;
			package = 8B79F36E2DBCAA4700D58C92 /* XCRemoteSwiftPackageReference "firebase-ios-sdk" */;
			productName = FirebaseAnalytics;
		};
		8B79F3712DBCACA700D58C92 /* FirebaseAuth */ = {
			isa = XCSwiftPackageProductDependency;
			package = 8B79F36E2DBCAA4700D58C92 /* XCRemoteSwiftPackageReference "firebase-ios-sdk" */;
			productName = FirebaseAuth;
		};
		8B79F3732DBCACA700D58C92 /* FirebaseCore */ = {
			isa = XCSwiftPackageProductDependency;
			package = 8B79F36E2DBCAA4700D58C92 /* XCRemoteSwiftPackageReference "firebase-ios-sdk" */;
			productName = FirebaseCore;
		};
		8B79F3752DBCACA700D58C92 /* FirebaseFirestore */ = {
			isa = XCSwiftPackageProductDependency;
			package = 8B79F36E2DBCAA4700D58C92 /* XCRemoteSwiftPackageReference "firebase-ios-sdk" */;
			productName = FirebaseFirestore;
		};
		8B79F3772DBCACA700D58C92 /* FirebaseStorage */ = {
			isa = XCSwiftPackageProductDependency;
			package = 8B79F36E2DBCAA4700D58C92 /* XCRemoteSwiftPackageReference "firebase-ios-sdk" */;
			productName = FirebaseStorage;
		};
/* End XCSwiftPackageProductDependency section */
	};
	rootObject = 8B79F32D2DBBA7B800D58C92 /* Project object */;
}
